
Microsoft Visual Studio Solution File, Format Version 12.00
# Visual Studio Version 17
VisualStudioVersion = 17.0.31903.59
MinimumVisualStudioVersion = 10.0.40219.1
Project("{2150E333-8FDC-42A3-9474-1A3956D46DE8}") = "src", "src", "{FE7B5F78-5889-4968-AE4D-ED4CB64563A3}"
EndProject
Project("{9A19103F-16F7-4668-BE54-9A1E7A4F7556}") = "Bored.Application.Host", "src\Bored.Application.Host\Bored.Application.Host.csproj", "{E317F215-AEB6-4818-8335-48F29B827588}"
	ProjectSection(ProjectDependencies) = postProject
		{3BF4187E-A13F-42BB-9EB1-0E5FC03638A8} = {3BF4187E-A13F-42BB-9EB1-0E5FC03638A8}
	EndProjectSection
EndProject
Project("{FAE04EC0-301F-11D3-BF4B-00C04F79EFBC}") = "Bored.Application.Api", "src\Bored.Application.Api\Bored.Application.Api.csproj", "{3BF4187E-A13F-42BB-9EB1-0E5FC03638A8}"
EndProject
Global
	GlobalSection(SolutionConfigurationPlatforms) = preSolution
		Debug|Any CPU = Debug|Any CPU
		Release|Any CPU = Release|Any CPU
	EndGlobalSection
	GlobalSection(ProjectConfigurationPlatforms) = postSolution
		{E317F215-AEB6-4818-8335-48F29B827588}.Debug|Any CPU.ActiveCfg = Debug|Any CPU
		{E317F215-AEB6-4818-8335-48F29B827588}.Debug|Any CPU.Build.0 = Debug|Any CPU
		{E317F215-AEB6-4818-8335-48F29B827588}.Release|Any CPU.ActiveCfg = Release|Any CPU
		{E317F215-AEB6-4818-8335-48F29B827588}.Release|Any CPU.Build.0 = Release|Any CPU
		{3BF4187E-A13F-42BB-9EB1-0E5FC03638A8}.Debug|Any CPU.ActiveCfg = Debug|Any CPU
		{3BF4187E-A13F-42BB-9EB1-0E5FC03638A8}.Debug|Any CPU.Build.0 = Debug|Any CPU
		{3BF4187E-A13F-42BB-9EB1-0E5FC03638A8}.Release|Any CPU.ActiveCfg = Release|Any CPU
		{3BF4187E-A13F-42BB-9EB1-0E5FC03638A8}.Release|Any CPU.Build.0 = Release|Any CPU
	EndGlobalSection
	GlobalSection(SolutionProperties) = preSolution
		HideSolutionNode = FALSE
	EndGlobalSection
	GlobalSection(NestedProjects) = preSolution
		{E317F215-AEB6-4818-8335-48F29B827588} = {FE7B5F78-5889-4968-AE4D-ED4CB64563A3}
		{3BF4187E-A13F-42BB-9EB1-0E5FC03638A8} = {FE7B5F78-5889-4968-AE4D-ED4CB64563A3}
	EndGlobalSection
	GlobalSection(ExtensibilityGlobals) = postSolution
		SolutionGuid = {EFCE8FF3-B1BD-42CB-B1A2-6AD39EAC3278}
	EndGlobalSection
EndGlobal
